// !$*UTF8*$!
{
	archiveVersion = 1;
	classes = {
	};
	objectVersion = 46;
	objects = {

/* Begin PBXBuildFile section */
		D96BC9B21DB8F34A001B4497 /* main.m in Sources */ = {isa = PBXBuildFile; fileRef = D96BC9B11DB8F34A001B4497 /* main.m */; };
		D96BC9B51DB8F34A001B4497 /* AppDelegate.m in Sources */ = {isa = PBXBuildFile; fileRef = D96BC9B41DB8F34A001B4497 /* AppDelegate.m */; };
		D96BC9B81DB8F34A001B4497 /* ViewController.m in Sources */ = {isa = PBXBuildFile; fileRef = D96BC9B71DB8F34A001B4497 /* ViewController.m */; };
		D96BC9BB1DB8F34A001B4497 /* Main.storyboard in Resources */ = {isa = PBXBuildFile; fileRef = D96BC9B91DB8F34A001B4497 /* Main.storyboard */; };
		D96BC9BD1DB8F34A001B4497 /* Assets.xcassets in Resources */ = {isa = PBXBuildFile; fileRef = D96BC9BC1DB8F34A001B4497 /* Assets.xcassets */; };
		D96BC9C01DB8F34A001B4497 /* LaunchScreen.storyboard in Resources */ = {isa = PBXBuildFile; fileRef = D96BC9BE1DB8F34A001B4497 /* LaunchScreen.storyboard */; };
		D96BC9CA1DB8F369001B4497 /* UIViewController+TestCase.m in Sources */ = {isa = PBXBuildFile; fileRef = D96BC9C91DB8F369001B4497 /* UIViewController+TestCase.m */; };
		D96BC9CD1DB8F5BA001B4497 /* YTTableViewController.m in Sources */ = {isa = PBXBuildFile; fileRef = D96BC9CC1DB8F5BA001B4497 /* YTTableViewController.m */; };
/* End PBXBuildFile section */

/* Begin PBXFileReference section */
		D96BC9AD1DB8F34A001B4497 /* YTUITestCases.app */ = {isa = PBXFileReference; explicitFileType = wrapper.application; includeInIndex = 0; path = YTUITestCases.app; sourceTree = BUILT_PRODUCTS_DIR; };
		D96BC9B11DB8F34A001B4497 /* main.m */ = {isa = PBXFileReference; lastKnownFileType = sourcecode.c.objc; path = main.m; sourceTree = "<group>"; };
		D96BC9B31DB8F34A001B4497 /* AppDelegate.h */ = {isa = PBXFileReference; lastKnownFileType = sourcecode.c.h; path = AppDelegate.h; sourceTree = "<group>"; };
		D96BC9B41DB8F34A001B4497 /* AppDelegate.m */ = {isa = PBXFileReference; lastKnownFileType = sourcecode.c.objc; path = AppDelegate.m; sourceTree = "<group>"; };
		D96BC9B61DB8F34A001B4497 /* ViewController.h */ = {isa = PBXFileReference; lastKnownFileType = sourcecode.c.h; path = ViewController.h; sourceTree = "<group>"; };
		D96BC9B71DB8F34A001B4497 /* ViewController.m */ = {isa = PBXFileReference; lastKnownFileType = sourcecode.c.objc; path = ViewController.m; sourceTree = "<group>"; };
		D96BC9BA1DB8F34A001B4497 /* Base */ = {isa = PBXFileReference; lastKnownFileType = file.storyboard; name = Base; path = Base.lproj/Main.storyboard; sourceTree = "<group>"; };
		D96BC9BC1DB8F34A001B4497 /* Assets.xcassets */ = {isa = PBXFileReference; lastKnownFileType = folder.assetcatalog; path = Assets.xcassets; sourceTree = "<group>"; };
		D96BC9BF1DB8F34A001B4497 /* Base */ = {isa = PBXFileReference; lastKnownFileType = file.storyboard; name = Base; path = Base.lproj/LaunchScreen.storyboard; sourceTree = "<group>"; };
		D96BC9C11DB8F34A001B4497 /* Info.plist */ = {isa = PBXFileReference; lastKnownFileType = text.plist.xml; path = Info.plist; sourceTree = "<group>"; };
		D96BC9C81DB8F369001B4497 /* UIViewController+TestCase.h */ = {isa = PBXFileReference; fileEncoding = 4; lastKnownFileType = sourcecode.c.h; path = "UIViewController+TestCase.h"; sourceTree = "<group>"; };
		D96BC9C91DB8F369001B4497 /* UIViewController+TestCase.m */ = {isa = PBXFileReference; fileEncoding = 4; lastKnownFileType = sourcecode.c.objc; path = "UIViewController+TestCase.m"; sourceTree = "<group>"; };
		D96BC9CB1DB8F5BA001B4497 /* YTTableViewController.h */ = {isa = PBXFileReference; fileEncoding = 4; lastKnownFileType = sourcecode.c.h; path = YTTableViewController.h; sourceTree = "<group>"; };
		D96BC9CC1DB8F5BA001B4497 /* YTTableViewController.m */ = {isa = PBXFileReference; fileEncoding = 4; lastKnownFileType = sourcecode.c.objc; path = YTTableViewController.m; sourceTree = "<group>"; };
/* End PBXFileReference section */

/* Begin PBXFrameworksBuildPhase section */
		D96BC9AA1DB8F34A001B4497 /* Frameworks */ = {
			isa = PBXFrameworksBuildPhase;
			buildActionMask = 2147483647;
			files = (
			);
			runOnlyForDeploymentPostprocessing = 0;
		};
/* End PBXFrameworksBuildPhase section */

/* Begin PBXGroup section */
		D96BC9A41DB8F34A001B4497 = {
			isa = PBXGroup;
			children = (
				D96BC9AF1DB8F34A001B4497 /* YTUITestCases */,
				D96BC9AE1DB8F34A001B4497 /* Products */,
			);
			sourceTree = "<group>";
		};
		D96BC9AE1DB8F34A001B4497 /* Products */ = {
			isa = PBXGroup;
			children = (
				D96BC9AD1DB8F34A001B4497 /* YTUITestCases.app */,
			);
			name = Products;
			sourceTree = "<group>";
		};
		D96BC9AF1DB8F34A001B4497 /* YTUITestCases */ = {
			isa = PBXGroup;
			children = (
				D96BC9C71DB8F369001B4497 /* YTUITestCases */,
				D96BC9B31DB8F34A001B4497 /* AppDelegate.h */,
				D96BC9B41DB8F34A001B4497 /* AppDelegate.m */,
				D96BC9CB1DB8F5BA001B4497 /* YTTableViewController.h */,
				D96BC9CC1DB8F5BA001B4497 /* YTTableViewController.m */,
				D96BC9B61DB8F34A001B4497 /* ViewController.h */,
				D96BC9B71DB8F34A001B4497 /* ViewController.m */,
				D96BC9B91DB8F34A001B4497 /* Main.storyboard */,
				D96BC9BC1DB8F34A001B4497 /* Assets.xcassets */,
				D96BC9BE1DB8F34A001B4497 /* LaunchScreen.storyboard */,
				D96BC9C11DB8F34A001B4497 /* Info.plist */,
				D96BC9B01DB8F34A001B4497 /* Supporting Files */,
			);
			path = YTUITestCases;
			sourceTree = "<group>";
		};
		D96BC9B01DB8F34A001B4497 /* Supporting Files */ = {
			isa = PBXGroup;
			children = (
				D96BC9B11DB8F34A001B4497 /* main.m */,
			);
			name = "Supporting Files";
			sourceTree = "<group>";
		};
		D96BC9C71DB8F369001B4497 /* YTUITestCases */ = {
			isa = PBXGroup;
			children = (
				D96BC9C81DB8F369001B4497 /* UIViewController+TestCase.h */,
				D96BC9C91DB8F369001B4497 /* UIViewController+TestCase.m */,
			);
			path = YTUITestCases;
			sourceTree = "<group>";
		};
/* End PBXGroup section */

/* Begin PBXNativeTarget section */
		D96BC9AC1DB8F34A001B4497 /* YTUITestCases */ = {
			isa = PBXNativeTarget;
			buildConfigurationList = D96BC9C41DB8F34A001B4497 /* Build configuration list for PBXNativeTarget "YTUITestCases" */;
			buildPhases = (
				D96BC9A91DB8F34A001B4497 /* Sources */,
				D96BC9AA1DB8F34A001B4497 /* Frameworks */,
				D96BC9AB1DB8F34A001B4497 /* Resources */,
			);
			buildRules = (
			);
			dependencies = (
			);
			name = YTUITestCases;
			productName = YTUITestCases;
			productReference = D96BC9AD1DB8F34A001B4497 /* YTUITestCases.app */;
			productType = "com.apple.product-type.application";
		};
/* End PBXNativeTarget section */

/* Begin PBXProject section */
		D96BC9A51DB8F34A001B4497 /* Project object */ = {
			isa = PBXProject;
			attributes = {
				LastUpgradeCheck = 0800;
				ORGANIZATIONNAME = hwh;
				TargetAttributes = {
					D96BC9AC1DB8F34A001B4497 = {
						CreatedOnToolsVersion = 8.0;
						ProvisioningStyle = Automatic;
					};
				};
			};
			buildConfigurationList = D96BC9A81DB8F34A001B4497 /* Build configuration list for PBXProject "YTUITestCases" */;
			compatibilityVersion = "Xcode 3.2";
			developmentRegion = English;
			hasScannedForEncodings = 0;
			knownRegions = (
				en,
				Base,
			);
			mainGroup = D96BC9A41DB8F34A001B4497;
			productRefGroup = D96BC9AE1DB8F34A001B4497 /* Products */;
			projectDirPath = "";
			projectRoot = "";
			targets = (
				D96BC9AC1DB8F34A001B4497 /* YTUITestCases */,
			);
		};
/* End PBXProject section */

/* Begin PBXResourcesBuildPhase section */
		D96BC9AB1DB8F34A001B4497 /* Resources */ = {
			isa = PBXResourcesBuildPhase;
			buildActionMask = 2147483647;
			files = (
				D96BC9C01DB8F34A001B4497 /* LaunchScreen.storyboard in Resources */,
				D96BC9BD1DB8F34A001B4497 /* Assets.xcassets in Resources */,
				D96BC9BB1DB8F34A001B4497 /* Main.storyboard in Resources */,
			);
			runOnlyForDeploymentPostprocessing = 0;
		};
/* End PBXResourcesBuildPhase section */

/* Begin PBXSourcesBuildPhase section */
		D96BC9A91DB8F34A001B4497 /* Sources */ = {
			isa = PBXSourcesBuildPhase;
			buildActionMask = 2147483647;
			files = (
				D96BC9B81DB8F34A001B4497 /* ViewController.m in Sources */,
				D96BC9B51DB8F34A001B4497 /* AppDelegate.m in Sources */,
				D96BC9CA1DB8F369001B4497 /* UIViewController+TestCase.m in Sources */,
				D96BC9B21DB8F34A001B4497 /* main.m in Sources */,
				D96BC9CD1DB8F5BA001B4497 /* YTTableViewController.m in Sources */,
			);
			runOnlyForDeploymentPostprocessing = 0;
		};
/* End PBXSourcesBuildPhase section */

/* Begin PBXVariantGroup section */
		D96BC9B91DB8F34A001B4497 /* Main.storyboard */ = {
			isa = PBXVariantGroup;
			children = (
				D96BC9BA1DB8F34A001B4497 /* Base */,
			);
			name = Main.storyboard;
			sourceTree = "<group>";
		};
		D96BC9BE1DB8F34A001B4497 /* LaunchScreen.storyboard */ = {
			isa = PBXVariantGroup;
			children = (
				D96BC9BF1DB8F34A001B4497 /* Base */,
			);
			name = LaunchScreen.storyboard;
			sourceTree = "<group>";
		};
/* End PBXVariantGroup section */

/* Begin XCBuildConfiguration section */
		D96BC9C21DB8F34A001B4497 /* Debug */ = {
			isa = XCBuildConfiguration;
			buildSettings = {
				ALWAYS_SEARCH_USER_PATHS = NO;
				CLANG_ANALYZER_NONNULL = YES;
				CLANG_CXX_LANGUAGE_STANDARD = "gnu++0x";
				CLANG_CXX_LIBRARY = "libc++";
				CLANG_ENABLE_MODULES = YES;
				CLANG_ENABLE_OBJC_ARC = YES;
				CLANG_WARN_BOOL_CONVERSION = YES;
				CLANG_WARN_CONSTANT_CONVERSION = YES;
				CLANG_WARN_DIRECT_OBJC_ISA_USAGE = YES_ERROR;
				CLANG_WARN_DOCUMENTATION_COMMENTS = YES;
				CLANG_WARN_EMPTY_BODY = YES;
				CLANG_WARN_ENUM_CONVERSION = YES;
				CLANG_WARN_INFINITE_RECURSION = YES;
				CLANG_WARN_INT_CONVERSION = YES;
				CLANG_WARN_OBJC_ROOT_CLASS = YES_ERROR;
				CLANG_WARN_SUSPICIOUS_MOVES = YES;
				CLANG_WARN_UNREACHABLE_CODE = YES;
				CLANG_WARN__DUPLICATE_METHOD_MATCH = YES;
				"CODE_SIGN_IDENTITY[sdk=iphoneos*]" = "iPhone Developer";
				COPY_PHASE_STRIP = NO;
				DEBUG_INFORMATION_FORMAT = dwarf;
				ENABLE_STRICT_OBJC_MSGSEND = YES;
				ENABLE_TESTABILITY = YES;
				GCC_C_LANGUAGE_STANDARD = gnu99;
				GCC_DYNAMIC_NO_PIC = NO;
				GCC_NO_COMMON_BLOCKS = YES;
				GCC_OPTIMIZATION_LEVEL = 0;
				GCC_PREPROCESSOR_DEFINITIONS = (
					"DEBUG=1",
					"$(inherited)",
				);
				GCC_WARN_64_TO_32_BIT_CONVERSION = YES;
				GCC_WARN_ABOUT_RETURN_TYPE = YES_ERROR;
				GCC_WARN_UNDECLARED_SELECTOR = YES;
				GCC_WARN_UNINITIALIZED_AUTOS = YES_AGGRESSIVE;
				GCC_WARN_UNUSED_FUNCTION = YES;
				GCC_WARN_UNUSED_VARIABLE = YES;
				IPHONEOS_DEPLOYMENT_TARGET = 10.0;
				MTL_ENABLE_DEBUG_INFO = YES;
				ONLY_ACTIVE_ARCH = YES;
				SDKROOT = iphoneos;
				TARGETED_DEVICE_FAMILY = "1,2";
			};
			name = Debug;
		};
		D96BC9C31DB8F34A001B4497 /* Release */ = {
			isa = XCBuildConfiguration;
			buildSettings = {
				ALWAYS_SEARCH_USER_PATHS = NO;
				CLANG_ANALYZER_NONNULL = YES;
				CLANG_CXX_LANGUAGE_STANDARD = "gnu++0x";
				CLANG_CXX_LIBRARY = "libc++";
				CLANG_ENABLE_MODULES = YES;
				CLANG_ENABLE_OBJC_ARC = YES;
				CLANG_WARN_BOOL_CONVERSION = YES;
				CLANG_WARN_CONSTANT_CONVERSION = YES;
				CLANG_WARN_DIRECT_OBJC_ISA_USAGE = YES_ERROR;
				CLANG_WARN_DOCUMENTATION_COMMENTS = YES;
				CLANG_WARN_EMPTY_BODY = YES;
				CLANG_WARN_ENUM_CONVERSION = YES;
				CLANG_WARN_INFINITE_RECURSION = YES;
				CLANG_WARN_INT_CONVERSION = YES;
				CLANG_WARN_OBJC_ROOT_CLASS = YES_ERROR;
				CLANG_WARN_SUSPICIOUS_MOVES = YES;
				CLANG_WARN_UNREACHABLE_CODE = YES;
				CLANG_WARN__DUPLICATE_METHOD_MATCH = YES;
				"CODE_SIGN_IDENTITY[sdk=iphoneos*]" = "iPhone Developer";
				COPY_PHASE_STRIP = NO;
				DEBUG_INFORMATION_FORMAT = "dwarf-with-dsym";
				ENABLE_NS_ASSERTIONS = NO;
				ENABLE_STRICT_OBJC_MSGSEND = YES;
				GCC_C_LANGUAGE_STANDARD = gnu99;
				GCC_NO_COMMON_BLOCKS = YES;
				GCC_WARN_64_TO_32_BIT_CONVERSION = YES;
				GCC_WARN_ABOUT_RETURN_TYPE = YES_ERROR;
				GCC_WARN_UNDECLARED_SELECTOR = YES;
				GCC_WARN_UNINITIALIZED_AUTOS = YES_AGGRESSIVE;
				GCC_WARN_UNUSED_FUNCTION = YES;
				GCC_WARN_UNUSED_VARIABLE = YES;
				IPHONEOS_DEPLOYMENT_TARGET = 10.0;
				MTL_ENABLE_DEBUG_INFO = NO;
				SDKROOT = iphoneos;
				TARGETED_DEVICE_FAMILY = "1,2";
				VALIDATE_PRODUCT = YES;
			};
			name = Release;
		};
		D96BC9C51DB8F34A001B4497 /* Debug */ = {
			isa = XCBuildConfiguration;
			buildSettings = {
				ASSETCATALOG_COMPILER_APPICON_NAME = AppIcon;
				INFOPLIST_FILE = YTUITestCases/Info.plist;
				LD_RUNPATH_SEARCH_PATHS = "$(inherited) @executable_path/Frameworks";
				PRODUCT_BUNDLE_IDENTIFIER = com.pipaboy.UITest.YTUITestCases;
				PRODUCT_NAME = "$(TARGET_NAME)";
			};
			name = Debug;
		};
		D96BC9C61DB8F34A001B4497 /* Release */ = {
			isa = XCBuildConfiguration;
			buildSettings = {
				ASSETCATALOG_COMPILER_APPICON_NAME = AppIcon;
				INFOPLIST_FILE = YTUITestCases/Info.plist;
				LD_RUNPATH_SEARCH_PATHS = "$(inherited) @executable_path/Frameworks";
				PRODUCT_BUNDLE_IDENTIFIER = com.pipaboy.UITest.YTUITestCases;
				PRODUCT_NAME = "$(TARGET_NAME)";
			};
			name = Release;
		};
/* End XCBuildConfiguration section */

/* Begin XCConfigurationList section */
		D96BC9A81DB8F34A001B4497 /* Build configuration list for PBXProject "YTUITestCases" */ = {
			isa = XCConfigurationList;
			buildConfigurations = (
				D96BC9C21DB8F34A001B4497 /* Debug */,
				D96BC9C31DB8F34A001B4497 /* Release */,
			);
			defaultConfigurationIsVisible = 0;
			defaultConfigurationName = Release;
		};
		D96BC9C41DB8F34A001B4497 /* Build configuration list for PBXNativeTarget "YTUITestCases" */ = {
			isa = XCConfigurationList;
			buildConfigurations = (
				D96BC9C51DB8F34A001B4497 /* Debug */,
				D96BC9C61DB8F34A001B4497 /* Release */,
			);
			defaultConfigurationIsVisible = 0;
		};
/* End XCConfigurationList section */
	};
	rootObject = D96BC9A51DB8F34A001B4497 /* Project object */;
}
